
Microsoft Visual Studio Solution File, Format Version 12.00
# Visual Studio 15
VisualStudioVersion = 15.0.27703.2035
MinimumVisualStudioVersion = 10.0.40219.1
Project("{FAE04EC0-301F-11D3-BF4B-00C04F79EFBC}") = "WebApp-RoleClaims-DotNet", "WebApp-RoleClaims-DotNet\WebApp-RoleClaims-DotNet.csproj", "{12352389-C5FF-4F5B-8532-DEA6E6880B83}"
EndProject
Project("{2150E333-8FDC-42A3-9474-1A3956D46DE8}") = "Solution Items", "Solution Items", "{20E8AA00-7D5D-461F-9D6A-E42E1B6C7E87}"
EndProject
Global
	GlobalSection(SolutionConfigurationPlatforms) = preSolution
		Debug|Any CPU = Debug|Any CPU
		Release|Any CPU = Release|Any CPU
	EndGlobalSection
	GlobalSection(ProjectConfigurationPlatforms) = postSolution
		{12352389-C5FF-4F5B-8532-DEA6E6880B83}.Debug|Any CPU.ActiveCfg = Debug|Any CPU
		{12352389-C5FF-4F5B-8532-DEA6E6880B83}.Debug|Any CPU.Build.0 = Debug|Any CPU
		{12352389-C5FF-4F5B-8532-DEA6E6880B83}.Release|Any CPU.ActiveCfg = Release|Any CPU
		{12352389-C5FF-4F5B-8532-DEA6E6880B83}.Release|Any CPU.Build.0 = Release|Any CPU
	EndGlobalSection
	GlobalSection(SolutionProperties) = preSolution
		HideSolutionNode = FALSE
	EndGlobalSection
	GlobalSection(ExtensibilityGlobals) = postSolution
		SolutionGuid = {8064E974-DA02-467C-B952-169361C23478}
	EndGlobalSection
EndGlobal
